
Microsoft Visual Studio Solution File, Format Version 12.00
# Visual Studio Version 17
VisualStudioVersion = 17.2.32630.192
MinimumVisualStudioVersion = 10.0.40219.1
Project("{FAE04EC0-301F-11D3-BF4B-00C04F79EFBC}") = "Lab 15 home task", "Lab 15 home task\Lab 15 home task.csproj", "{4D468690-ECF2-434E-A34F-801375452A46}"
EndProject
Global
	GlobalSection(SolutionConfigurationPlatforms) = preSolution
		Debug|Any CPU = Debug|Any CPU
		Release|Any CPU = Release|Any CPU
	EndGlobalSection
	GlobalSection(ProjectConfigurationPlatforms) = postSolution
		{4D468690-ECF2-434E-A34F-801375452A46}.Debug|Any CPU.ActiveCfg = Debug|Any CPU
		{4D468690-ECF2-434E-A34F-801375452A46}.Debug|Any CPU.Build.0 = Debug|Any CPU
		{4D468690-ECF2-434E-A34F-801375452A46}.Release|Any CPU.ActiveCfg = Release|Any CPU
		{4D468690-ECF2-434E-A34F-801375452A46}.Release|Any CPU.Build.0 = Release|Any CPU
	EndGlobalSection
	GlobalSection(SolutionProperties) = preSolution
		HideSolutionNode = FALSE
	EndGlobalSection
	GlobalSection(ExtensibilityGlobals) = postSolution
		SolutionGuid = {E3500C8C-6036-42EB-ADEF-D698C11A5F55}
	EndGlobalSection
EndGlobal
